
Microsoft Visual Studio Solution File, Format Version 12.00
# Visual Studio Version 17
VisualStudioVersion = 17.10.34804.81
MinimumVisualStudioVersion = 10.0.40219.1
Project("{FAE04EC0-301F-11D3-BF4B-00C04F79EFBC}") = "JohnnyPortfolioProject.Server", "JohnnyPortfolioProject.Server\JohnnyPortfolioProject.Server.csproj", "{CCD1A2A4-A967-4F89-A9BD-350E8405449A}"
EndProject
Project("{54A90642-561A-4BB1-A94E-469ADEE60C69}") = "johnnyportfolioproject.client", "johnnyportfolioproject.client\johnnyportfolioproject.client.esproj", "{D783D37A-570A-4EB5-AE62-43C8B135D504}"
EndProject
Global
	GlobalSection(SolutionConfigurationPlatforms) = preSolution
		Debug|Any CPU = Debug|Any CPU
		Release|Any CPU = Release|Any CPU
	EndGlobalSection
	GlobalSection(ProjectConfigurationPlatforms) = postSolution
		{CCD1A2A4-A967-4F89-A9BD-350E8405449A}.Debug|Any CPU.ActiveCfg = Debug|Any CPU
		{CCD1A2A4-A967-4F89-A9BD-350E8405449A}.Debug|Any CPU.Build.0 = Debug|Any CPU
		{CCD1A2A4-A967-4F89-A9BD-350E8405449A}.Release|Any CPU.ActiveCfg = Release|Any CPU
		{CCD1A2A4-A967-4F89-A9BD-350E8405449A}.Release|Any CPU.Build.0 = Release|Any CPU
		{D783D37A-570A-4EB5-AE62-43C8B135D504}.Debug|Any CPU.ActiveCfg = Debug|Any CPU
		{D783D37A-570A-4EB5-AE62-43C8B135D504}.Debug|Any CPU.Build.0 = Debug|Any CPU
		{D783D37A-570A-4EB5-AE62-43C8B135D504}.Debug|Any CPU.Deploy.0 = Debug|Any CPU
		{D783D37A-570A-4EB5-AE62-43C8B135D504}.Release|Any CPU.ActiveCfg = Release|Any CPU
		{D783D37A-570A-4EB5-AE62-43C8B135D504}.Release|Any CPU.Build.0 = Release|Any CPU
		{D783D37A-570A-4EB5-AE62-43C8B135D504}.Release|Any CPU.Deploy.0 = Release|Any CPU
	EndGlobalSection
	GlobalSection(SolutionProperties) = preSolution
		HideSolutionNode = FALSE
	EndGlobalSection
	GlobalSection(ExtensibilityGlobals) = postSolution
		SolutionGuid = {6B058DE4-84D4-4C99-9B80-84E3329B1603}
	EndGlobalSection
EndGlobal
